
Microsoft Visual Studio Solution File, Format Version 11.00
# Visual Studio 2010
Project("{FAE04EC0-301F-11D3-BF4B-00C04F79EFBC}") = "remel_basic", "Assembly-CSharp.csproj", "{3B3D910F-BE49-742B-69DD-EECD6E743DD1}"
EndProject
Project("{2DB356B5-7458-22AF-176A-655A28F13A7F}") = "remel_basic", "Assembly-UnityScript.unityproj", "{372B091E-0789-AAA4-E60C-D6AD93671F4E}"
EndProject
Global
	GlobalSection(SolutionConfigurationPlatforms) = preSolution
		Debug|Any CPU = Debug|Any CPU
		Release|Any CPU = Release|Any CPU
	EndGlobalSection
	GlobalSection(ProjectConfigurationPlatforms) = postSolution
		{3B3D910F-BE49-742B-69DD-EECD6E743DD1}.Debug|Any CPU.ActiveCfg = Debug|Any CPU
		{3B3D910F-BE49-742B-69DD-EECD6E743DD1}.Debug|Any CPU.Build.0 = Debug|Any CPU
		{3B3D910F-BE49-742B-69DD-EECD6E743DD1}.Release|Any CPU.ActiveCfg = Release|Any CPU
		{3B3D910F-BE49-742B-69DD-EECD6E743DD1}.Release|Any CPU.Build.0 = Release|Any CPU
		{372B091E-0789-AAA4-E60C-D6AD93671F4E}.Debug|Any CPU.ActiveCfg = Debug|Any CPU
		{372B091E-0789-AAA4-E60C-D6AD93671F4E}.Debug|Any CPU.Build.0 = Debug|Any CPU
		{372B091E-0789-AAA4-E60C-D6AD93671F4E}.Release|Any CPU.ActiveCfg = Release|Any CPU
		{372B091E-0789-AAA4-E60C-D6AD93671F4E}.Release|Any CPU.Build.0 = Release|Any CPU
	EndGlobalSection
	GlobalSection(SolutionProperties) = preSolution
		HideSolutionNode = FALSE
	EndGlobalSection
	GlobalSection(MonoDevelopProperties) = preSolution
		StartupItem = Assembly-CSharp.csproj
	EndGlobalSection
EndGlobal
