
Microsoft Visual Studio Solution File, Format Version 11.00
# Visual Studio 2010
Project("{FAE04EC0-301F-11D3-BF4B-00C04F79EFBC}") = "remel-remel_mvp", "Assembly-CSharp.csproj", "{855DA41D-41F1-B31E-0716-76F9ED11F2F8}"
EndProject
Project("{38BC48F0-45D9-4B6C-C17C-CC537A4611A4}") = "remel-remel_mvp", "Assembly-UnityScript.unityproj", "{A40AB27B-9986-24FA-1F6C-287A9458871A}"
EndProject
Global
	GlobalSection(SolutionConfigurationPlatforms) = preSolution
		Debug|Any CPU = Debug|Any CPU
		Release|Any CPU = Release|Any CPU
	EndGlobalSection
	GlobalSection(ProjectConfigurationPlatforms) = postSolution
		{855DA41D-41F1-B31E-0716-76F9ED11F2F8}.Debug|Any CPU.ActiveCfg = Debug|Any CPU
		{855DA41D-41F1-B31E-0716-76F9ED11F2F8}.Debug|Any CPU.Build.0 = Debug|Any CPU
		{855DA41D-41F1-B31E-0716-76F9ED11F2F8}.Release|Any CPU.ActiveCfg = Release|Any CPU
		{855DA41D-41F1-B31E-0716-76F9ED11F2F8}.Release|Any CPU.Build.0 = Release|Any CPU
		{A40AB27B-9986-24FA-1F6C-287A9458871A}.Debug|Any CPU.ActiveCfg = Debug|Any CPU
		{A40AB27B-9986-24FA-1F6C-287A9458871A}.Debug|Any CPU.Build.0 = Debug|Any CPU
		{A40AB27B-9986-24FA-1F6C-287A9458871A}.Release|Any CPU.ActiveCfg = Release|Any CPU
		{A40AB27B-9986-24FA-1F6C-287A9458871A}.Release|Any CPU.Build.0 = Release|Any CPU
	EndGlobalSection
	GlobalSection(SolutionProperties) = preSolution
		HideSolutionNode = FALSE
	EndGlobalSection
	GlobalSection(MonoDevelopProperties) = preSolution
		StartupItem = Assembly-CSharp.csproj
	EndGlobalSection
EndGlobal
